
Microsoft Visual Studio Solution File, Format Version 12.00
# Visual Studio 2013
VisualStudioVersion = 12.0.40629.0
MinimumVisualStudioVersion = 10.0.40219.1
Project("{FAE04EC0-301F-11D3-BF4B-00C04F79EFBC}") = "ProjetoYoutubers", "ProjetoYoutubers\ProjetoYoutubers.csproj", "{EABB6A97-8A0B-42EF-B082-DB649105684F}"
EndProject
Project("{FAE04EC0-301F-11D3-BF4B-00C04F79EFBC}") = "Model", "Model\Model.csproj", "{9DDA8F0C-96AB-4C62-9D6F-C1CA8C5EEA7E}"
EndProject
Global
	GlobalSection(SolutionConfigurationPlatforms) = preSolution
		Debug|Any CPU = Debug|Any CPU
		Release|Any CPU = Release|Any CPU
	EndGlobalSection
	GlobalSection(ProjectConfigurationPlatforms) = postSolution
		{EABB6A97-8A0B-42EF-B082-DB649105684F}.Debug|Any CPU.ActiveCfg = Debug|Any CPU
		{EABB6A97-8A0B-42EF-B082-DB649105684F}.Debug|Any CPU.Build.0 = Debug|Any CPU
		{EABB6A97-8A0B-42EF-B082-DB649105684F}.Release|Any CPU.ActiveCfg = Release|Any CPU
		{EABB6A97-8A0B-42EF-B082-DB649105684F}.Release|Any CPU.Build.0 = Release|Any CPU
		{9DDA8F0C-96AB-4C62-9D6F-C1CA8C5EEA7E}.Debug|Any CPU.ActiveCfg = Debug|Any CPU
		{9DDA8F0C-96AB-4C62-9D6F-C1CA8C5EEA7E}.Debug|Any CPU.Build.0 = Debug|Any CPU
		{9DDA8F0C-96AB-4C62-9D6F-C1CA8C5EEA7E}.Release|Any CPU.ActiveCfg = Release|Any CPU
		{9DDA8F0C-96AB-4C62-9D6F-C1CA8C5EEA7E}.Release|Any CPU.Build.0 = Release|Any CPU
	EndGlobalSection
	GlobalSection(SolutionProperties) = preSolution
		HideSolutionNode = FALSE
	EndGlobalSection
EndGlobal
